
Microsoft Visual Studio Solution File, Format Version 12.00
# Visual Studio 15
VisualStudioVersion = 15.0.27428.2037
MinimumVisualStudioVersion = 10.0.40219.1
Project("{FAE04EC0-301F-11D3-BF4B-00C04F79EFBC}") = "Lab21", "Lab21\Lab21.csproj", "{42BE0E79-8B87-41DF-A6A0-0D21F48C5229}"
EndProject
Global
	GlobalSection(SolutionConfigurationPlatforms) = preSolution
		Debug|Any CPU = Debug|Any CPU
		Release|Any CPU = Release|Any CPU
	EndGlobalSection
	GlobalSection(ProjectConfigurationPlatforms) = postSolution
		{42BE0E79-8B87-41DF-A6A0-0D21F48C5229}.Debug|Any CPU.ActiveCfg = Debug|Any CPU
		{42BE0E79-8B87-41DF-A6A0-0D21F48C5229}.Debug|Any CPU.Build.0 = Debug|Any CPU
		{42BE0E79-8B87-41DF-A6A0-0D21F48C5229}.Release|Any CPU.ActiveCfg = Release|Any CPU
		{42BE0E79-8B87-41DF-A6A0-0D21F48C5229}.Release|Any CPU.Build.0 = Release|Any CPU
	EndGlobalSection
	GlobalSection(SolutionProperties) = preSolution
		HideSolutionNode = FALSE
	EndGlobalSection
	GlobalSection(ExtensibilityGlobals) = postSolution
		SolutionGuid = {48D7E62D-0477-436A-B58A-EE5D63FD1999}
	EndGlobalSection
EndGlobal
